
Microsoft Visual Studio Solution File, Format Version 12.00
# Visual Studio Version 17
VisualStudioVersion = 17.0.31903.59
MinimumVisualStudioVersion = 10.0.40219.1
Project("{2150E333-8FDC-42A3-9474-1A3956D46DE8}") = "src", "src", "{6C065DCE-3483-4493-B9E3-4D7948594D92}"
EndProject
Project("{9A19103F-16F7-4668-BE54-9A1E7A4F7556}") = "PcStatsReporter.Client", "src\PcStatsReporter.Client\PcStatsReporter.Client.csproj", "{A8085945-5112-4CA1-8572-922489EE6D40}"
EndProject
Project("{FAE04EC0-301F-11D3-BF4B-00C04F79EFBC}") = "PcStatsReporter.OpenHardware", "src\PcStatsReporter.OpenHardware\PcStatsReporter.OpenHardware.csproj", "{72A2D063-A3F3-450F-90D6-2535BBEF324C}"
EndProject
Project("{9A19103F-16F7-4668-BE54-9A1E7A4F7556}") = "PcStatsReporter.Proto", "src\PcStatsReporter.Proto\PcStatsReporter.Proto\PcStatsReporter.Proto.csproj", "{6DCEB318-9EE3-4CD3-9AB7-6BA9A4A35B46}"
EndProject
Project("{FAE04EC0-301F-11D3-BF4B-00C04F79EFBC}") = "PcStatsReporter.NetFrameworkTests", "tests\PcStatsReporter.NetFrameworkTests\PcStatsReporter.NetFrameworkTests.csproj", "{0E1F97D6-9021-4342-96C8-8DF3ADBBFED8}"
EndProject
Project("{2150E333-8FDC-42A3-9474-1A3956D46DE8}") = "tests", "tests", "{57109AEA-05A4-4A54-9C05-CBDEAD7015BE}"
EndProject
Project("{FAE04EC0-301F-11D3-BF4B-00C04F79EFBC}") = "PcStatsReporter.Server", "src\PcStatsReporter.Server\PcStatsReporter.Server.csproj", "{537D2F5F-D52A-4BCE-88C0-8D148B0F8FD4}"
EndProject
Project("{9A19103F-16F7-4668-BE54-9A1E7A4F7556}") = "PcStatsReporter.Core", "src\PcStatsReporter.Core\PcStatsReporter.Core.csproj", "{828F3973-9C91-43FA-A953-8098FAF0B416}"
EndProject
Project("{FAE04EC0-301F-11D3-BF4B-00C04F79EFBC}") = "PcStatsReporter.Core.Test.Unit", "tests\PcStatsReporter.Test.Unit\PcStatsReporter.Core.Test.Unit.csproj", "{802BF2A4-BE8A-4829-92AF-24437891436C}"
EndProject
Project("{FAE04EC0-301F-11D3-BF4B-00C04F79EFBC}") = "PcStatsReporter.OpenHardware.Test.Unit", "tests\PcStatsReporter.OpenHardware.Test.Unit\PcStatsReporter.OpenHardware.Test.Unit.csproj", "{9AE3C46D-8754-4E11-9257-8410694CA031}"
EndProject
Project("{FAE04EC0-301F-11D3-BF4B-00C04F79EFBC}") = "PcStatsReporter.LibreHardware", "src\PcStatsReporter.LibreHardware\PcStatsReporter.LibreHardware.csproj", "{3D8FCB69-C322-4FF7-BF04-53342BA8831D}"
EndProject
Project("{FAE04EC0-301F-11D3-BF4B-00C04F79EFBC}") = "PcStatsReporter.LibreHardware.Tests.Unit", "tests\PcStatsReporter.LibreHardware.Tests.Unit\PcStatsReporter.LibreHardware.Tests.Unit.csproj", "{8250C055-60A5-43D6-ADCE-5AB14D179721}"
EndProject
Project("{FAE04EC0-301F-11D3-BF4B-00C04F79EFBC}") = "PcStatsReporter.AspNetCore", "src\PcStatsReporter.AspNetCore\PcStatsReporter.AspNetCore.csproj", "{03EFE5A3-7883-4011-AB26-E0286E4CB850}"
EndProject
Project("{FAE04EC0-301F-11D3-BF4B-00C04F79EFBC}") = "PcStatsReporter.RestContracts", "src\PcStatsReporter.RestContracts\PcStatsReporter.RestContracts.csproj", "{8A23511C-E709-4EFD-B6A7-2157B7EBEB45}"
EndProject
Global
	GlobalSection(SolutionConfigurationPlatforms) = preSolution
		Debug|Any CPU = Debug|Any CPU
		Release|Any CPU = Release|Any CPU
	EndGlobalSection
	GlobalSection(ProjectConfigurationPlatforms) = postSolution
		{A8085945-5112-4CA1-8572-922489EE6D40}.Debug|Any CPU.ActiveCfg = Debug|Any CPU
		{A8085945-5112-4CA1-8572-922489EE6D40}.Debug|Any CPU.Build.0 = Debug|Any CPU
		{A8085945-5112-4CA1-8572-922489EE6D40}.Release|Any CPU.ActiveCfg = Release|Any CPU
		{A8085945-5112-4CA1-8572-922489EE6D40}.Release|Any CPU.Build.0 = Release|Any CPU
		{72A2D063-A3F3-450F-90D6-2535BBEF324C}.Debug|Any CPU.ActiveCfg = Debug|Any CPU
		{72A2D063-A3F3-450F-90D6-2535BBEF324C}.Debug|Any CPU.Build.0 = Debug|Any CPU
		{72A2D063-A3F3-450F-90D6-2535BBEF324C}.Release|Any CPU.ActiveCfg = Release|Any CPU
		{72A2D063-A3F3-450F-90D6-2535BBEF324C}.Release|Any CPU.Build.0 = Release|Any CPU
		{6DCEB318-9EE3-4CD3-9AB7-6BA9A4A35B46}.Debug|Any CPU.ActiveCfg = Debug|Any CPU
		{6DCEB318-9EE3-4CD3-9AB7-6BA9A4A35B46}.Debug|Any CPU.Build.0 = Debug|Any CPU
		{6DCEB318-9EE3-4CD3-9AB7-6BA9A4A35B46}.Release|Any CPU.ActiveCfg = Release|Any CPU
		{6DCEB318-9EE3-4CD3-9AB7-6BA9A4A35B46}.Release|Any CPU.Build.0 = Release|Any CPU
		{0E1F97D6-9021-4342-96C8-8DF3ADBBFED8}.Debug|Any CPU.ActiveCfg = Debug|Any CPU
		{0E1F97D6-9021-4342-96C8-8DF3ADBBFED8}.Debug|Any CPU.Build.0 = Debug|Any CPU
		{0E1F97D6-9021-4342-96C8-8DF3ADBBFED8}.Release|Any CPU.ActiveCfg = Release|Any CPU
		{0E1F97D6-9021-4342-96C8-8DF3ADBBFED8}.Release|Any CPU.Build.0 = Release|Any CPU
		{537D2F5F-D52A-4BCE-88C0-8D148B0F8FD4}.Debug|Any CPU.ActiveCfg = Debug|Any CPU
		{537D2F5F-D52A-4BCE-88C0-8D148B0F8FD4}.Debug|Any CPU.Build.0 = Debug|Any CPU
		{537D2F5F-D52A-4BCE-88C0-8D148B0F8FD4}.Release|Any CPU.ActiveCfg = Release|Any CPU
		{537D2F5F-D52A-4BCE-88C0-8D148B0F8FD4}.Release|Any CPU.Build.0 = Release|Any CPU
		{828F3973-9C91-43FA-A953-8098FAF0B416}.Debug|Any CPU.ActiveCfg = Debug|Any CPU
		{828F3973-9C91-43FA-A953-8098FAF0B416}.Debug|Any CPU.Build.0 = Debug|Any CPU
		{828F3973-9C91-43FA-A953-8098FAF0B416}.Release|Any CPU.ActiveCfg = Release|Any CPU
		{828F3973-9C91-43FA-A953-8098FAF0B416}.Release|Any CPU.Build.0 = Release|Any CPU
		{802BF2A4-BE8A-4829-92AF-24437891436C}.Debug|Any CPU.ActiveCfg = Debug|Any CPU
		{802BF2A4-BE8A-4829-92AF-24437891436C}.Debug|Any CPU.Build.0 = Debug|Any CPU
		{802BF2A4-BE8A-4829-92AF-24437891436C}.Release|Any CPU.ActiveCfg = Release|Any CPU
		{802BF2A4-BE8A-4829-92AF-24437891436C}.Release|Any CPU.Build.0 = Release|Any CPU
		{9AE3C46D-8754-4E11-9257-8410694CA031}.Debug|Any CPU.ActiveCfg = Debug|Any CPU
		{9AE3C46D-8754-4E11-9257-8410694CA031}.Debug|Any CPU.Build.0 = Debug|Any CPU
		{9AE3C46D-8754-4E11-9257-8410694CA031}.Release|Any CPU.ActiveCfg = Release|Any CPU
		{9AE3C46D-8754-4E11-9257-8410694CA031}.Release|Any CPU.Build.0 = Release|Any CPU
		{3D8FCB69-C322-4FF7-BF04-53342BA8831D}.Debug|Any CPU.ActiveCfg = Debug|Any CPU
		{3D8FCB69-C322-4FF7-BF04-53342BA8831D}.Debug|Any CPU.Build.0 = Debug|Any CPU
		{3D8FCB69-C322-4FF7-BF04-53342BA8831D}.Release|Any CPU.ActiveCfg = Release|Any CPU
		{3D8FCB69-C322-4FF7-BF04-53342BA8831D}.Release|Any CPU.Build.0 = Release|Any CPU
		{8250C055-60A5-43D6-ADCE-5AB14D179721}.Debug|Any CPU.ActiveCfg = Debug|Any CPU
		{8250C055-60A5-43D6-ADCE-5AB14D179721}.Debug|Any CPU.Build.0 = Debug|Any CPU
		{8250C055-60A5-43D6-ADCE-5AB14D179721}.Release|Any CPU.ActiveCfg = Release|Any CPU
		{8250C055-60A5-43D6-ADCE-5AB14D179721}.Release|Any CPU.Build.0 = Release|Any CPU
		{03EFE5A3-7883-4011-AB26-E0286E4CB850}.Debug|Any CPU.ActiveCfg = Debug|Any CPU
		{03EFE5A3-7883-4011-AB26-E0286E4CB850}.Debug|Any CPU.Build.0 = Debug|Any CPU
		{03EFE5A3-7883-4011-AB26-E0286E4CB850}.Release|Any CPU.ActiveCfg = Release|Any CPU
		{03EFE5A3-7883-4011-AB26-E0286E4CB850}.Release|Any CPU.Build.0 = Release|Any CPU
		{8A23511C-E709-4EFD-B6A7-2157B7EBEB45}.Debug|Any CPU.ActiveCfg = Debug|Any CPU
		{8A23511C-E709-4EFD-B6A7-2157B7EBEB45}.Debug|Any CPU.Build.0 = Debug|Any CPU
		{8A23511C-E709-4EFD-B6A7-2157B7EBEB45}.Release|Any CPU.ActiveCfg = Release|Any CPU
		{8A23511C-E709-4EFD-B6A7-2157B7EBEB45}.Release|Any CPU.Build.0 = Release|Any CPU
	EndGlobalSection
	GlobalSection(SolutionProperties) = preSolution
		HideSolutionNode = FALSE
	EndGlobalSection
	GlobalSection(NestedProjects) = preSolution
		{A8085945-5112-4CA1-8572-922489EE6D40} = {6C065DCE-3483-4493-B9E3-4D7948594D92}
		{72A2D063-A3F3-450F-90D6-2535BBEF324C} = {6C065DCE-3483-4493-B9E3-4D7948594D92}
		{6DCEB318-9EE3-4CD3-9AB7-6BA9A4A35B46} = {6C065DCE-3483-4493-B9E3-4D7948594D92}
		{0E1F97D6-9021-4342-96C8-8DF3ADBBFED8} = {57109AEA-05A4-4A54-9C05-CBDEAD7015BE}
		{537D2F5F-D52A-4BCE-88C0-8D148B0F8FD4} = {6C065DCE-3483-4493-B9E3-4D7948594D92}
		{828F3973-9C91-43FA-A953-8098FAF0B416} = {6C065DCE-3483-4493-B9E3-4D7948594D92}
		{802BF2A4-BE8A-4829-92AF-24437891436C} = {57109AEA-05A4-4A54-9C05-CBDEAD7015BE}
		{9AE3C46D-8754-4E11-9257-8410694CA031} = {57109AEA-05A4-4A54-9C05-CBDEAD7015BE}
		{3D8FCB69-C322-4FF7-BF04-53342BA8831D} = {6C065DCE-3483-4493-B9E3-4D7948594D92}
		{8250C055-60A5-43D6-ADCE-5AB14D179721} = {57109AEA-05A4-4A54-9C05-CBDEAD7015BE}
		{03EFE5A3-7883-4011-AB26-E0286E4CB850} = {6C065DCE-3483-4493-B9E3-4D7948594D92}
		{8A23511C-E709-4EFD-B6A7-2157B7EBEB45} = {6C065DCE-3483-4493-B9E3-4D7948594D92}
	EndGlobalSection
	GlobalSection(ExtensibilityGlobals) = postSolution
		SolutionGuid = {FB034649-E2E3-4CDC-AEF3-A893ACCA6E91}
	EndGlobalSection
EndGlobal
