# THIS IS AN AUTOGENERATED FILE. DO NOT EDIT THIS FILE DIRECTLY.
# yarn lockfile v1


systeminformation@^5.11.21:
  version "5.11.21"
  resolved "https://registry.yarnpkg.com/systeminformation/-/systeminformation-5.11.21.tgz#8187de86ef999742341c318dbbd80ed4b3f2360b"
  integrity sha512-aYuoelPUEItkeFi9d2EgGYZur6CgGaPAOUv9K5h1rJn5EyAYIXtonxJN3Dn58zQ3BFbj9FggaxaVBGg/pNRngA==
